
Microsoft Visual Studio Solution File, Format Version 12.00
# Visual Studio Version 17
VisualStudioVersion = 17.5.33530.505
MinimumVisualStudioVersion = 10.0.40219.1
Project("{9A19103F-16F7-4668-BE54-9A1E7A4F7556}") = "CrossCutting.Common", "src\CrossCutting.Common\CrossCutting.Common.csproj", "{D238A3C1-F262-485A-8A6D-8DB9D91D501F}"
EndProject
Project("{9A19103F-16F7-4668-BE54-9A1E7A4F7556}") = "CrossCutting.Common.Testing", "src\CrossCutting.Common.Testing\CrossCutting.Common.Testing.csproj", "{3374F20D-4033-43E5-A70B-1885C6656C8B}"
EndProject
Project("{9A19103F-16F7-4668-BE54-9A1E7A4F7556}") = "System.Data.Stub", "src\System.Data.Stub\System.Data.Stub.csproj", "{4CDF1C21-4DBC-450D-9479-CFE27E44A0F4}"
EndProject
Project("{9A19103F-16F7-4668-BE54-9A1E7A4F7556}") = "CrossCutting.Utilities.ObjectDumper", "src\CrossCutting.Utilities.ObjectDumper\CrossCutting.Utilities.ObjectDumper.csproj", "{86F54C42-E4E5-4CFC-964E-7852A77983AB}"
EndProject
Project("{9A19103F-16F7-4668-BE54-9A1E7A4F7556}") = "CrossCutting.Utilities.ObjectDumper.Tests", "src\CrossCutting.Utilities.ObjectDumper.Tests\CrossCutting.Utilities.ObjectDumper.Tests.csproj", "{A2695F1C-7ED9-42AD-B95E-60797BF71DF3}"
EndProject
Project("{9A19103F-16F7-4668-BE54-9A1E7A4F7556}") = "CrossCutting.Utilities.Parsers", "src\CrossCutting.Utilities.Parsers\CrossCutting.Utilities.Parsers.csproj", "{FD75CF75-DB0E-4FED-8C55-DC1957C5E4BA}"
	ProjectSection(ProjectDependencies) = postProject
		{74D196D2-8DB3-456B-8F04-55CFF28E9AC7} = {74D196D2-8DB3-456B-8F04-55CFF28E9AC7}
	EndProjectSection
EndProject
Project("{9A19103F-16F7-4668-BE54-9A1E7A4F7556}") = "CrossCutting.Utilities.Parsers.Tests", "src\CrossCutting.Utilities.Parsers.Tests\CrossCutting.Utilities.Parsers.Tests.csproj", "{AF036C40-3147-4EA2-99DE-586DF27405F0}"
EndProject
Project("{9A19103F-16F7-4668-BE54-9A1E7A4F7556}") = "System.Data.Stub.Tests", "src\System.Data.Stub.Tests\System.Data.Stub.Tests.csproj", "{5FC84CFA-2A6D-49E8-BDC6-4BBADDBDE132}"
EndProject
Project("{9A19103F-16F7-4668-BE54-9A1E7A4F7556}") = "CrossCutting.Common.Tests", "src\CrossCutting.Common.Tests\CrossCutting.Common.Tests.csproj", "{C00E8783-FAF7-4730-9DF4-EDFA3C570335}"
EndProject
Project("{9A19103F-16F7-4668-BE54-9A1E7A4F7556}") = "CrossCutting.DataTableDumper", "src\CrossCutting.DataTableDumper\CrossCutting.DataTableDumper.csproj", "{5012D949-81C7-478A-906D-38EEB9053CC6}"
EndProject
Project("{9A19103F-16F7-4668-BE54-9A1E7A4F7556}") = "CrossCutting.DataTableDumper.Tests", "src\CrossCutting.DataTableDumper.Tests\CrossCutting.DataTableDumper.Tests.csproj", "{6BD5B461-0105-4B58-A352-A27E7C6742E1}"
EndProject
Project("{2150E333-8FDC-42A3-9474-1A3956D46DE8}") = "Solution Items", "Solution Items", "{370243F2-06A4-4875-AD69-91920DE3D9D6}"
	ProjectSection(SolutionItems) = preProject
		.editorconfig = .editorconfig
		README.md = README.md
		TODO.md = TODO.md
	EndProjectSection
EndProject
Project("{9A19103F-16F7-4668-BE54-9A1E7A4F7556}") = "CrossCutting.Data.Abstractions", "src\CrossCutting.Data.Abstractions\CrossCutting.Data.Abstractions.csproj", "{E7731E52-D20E-48B5-BB28-6265522156F6}"
EndProject
Project("{9A19103F-16F7-4668-BE54-9A1E7A4F7556}") = "CrossCutting.Data.Abstractions.Tests", "src\CrossCutting.Data.Abstractions.Tests\CrossCutting.Data.Abstractions.Tests.csproj", "{3D067E61-07A4-452A-8120-58586729FCCC}"
EndProject
Project("{9A19103F-16F7-4668-BE54-9A1E7A4F7556}") = "CrossCutting.Data.Core", "src\CrossCutting.Data.Core\CrossCutting.Data.Core.csproj", "{093EE79C-9C07-4665-BD9F-CBB1A2BF1D4D}"
EndProject
Project("{9A19103F-16F7-4668-BE54-9A1E7A4F7556}") = "CrossCutting.Data.Core.Tests", "src\CrossCutting.Data.Core.Tests\CrossCutting.Data.Core.Tests.csproj", "{FD6883C6-FC02-4F3C-9DF0-E86615ABC2E5}"
EndProject
Project("{9A19103F-16F7-4668-BE54-9A1E7A4F7556}") = "CrossCutting.Data.Sql", "src\CrossCutting.Data.Sql\CrossCutting.Data.Sql.csproj", "{66A7515D-0047-4891-9827-B0C2BBCCE980}"
EndProject
Project("{9A19103F-16F7-4668-BE54-9A1E7A4F7556}") = "CrossCutting.Data.Sql.Tests", "src\CrossCutting.Data.Sql.Tests\CrossCutting.Data.Sql.Tests.csproj", "{650AE7F5-9330-440B-ADC3-9DF76333402B}"
EndProject
Project("{9A19103F-16F7-4668-BE54-9A1E7A4F7556}") = "CrossCutting.Utilities.Aggregators", "src\CrossCutting.Utilities.Aggregators\CrossCutting.Utilities.Aggregators.csproj", "{0E97FF01-6472-4853-A200-1D76DE6A5BE5}"
EndProject
Project("{9A19103F-16F7-4668-BE54-9A1E7A4F7556}") = "CrossCutting.Utilities.Operators", "src\CrossCutting.Utilities.Operators\CrossCutting.Utilities.Operators.csproj", "{CEDC360E-4DF9-49F1-B100-701ED854F192}"
EndProject
Project("{9A19103F-16F7-4668-BE54-9A1E7A4F7556}") = "CrossCutting.CodeGeneration", "src\CrossCutting.CodeGeneration\CrossCutting.CodeGeneration.csproj", "{74D196D2-8DB3-456B-8F04-55CFF28E9AC7}"
EndProject
Project("{9A19103F-16F7-4668-BE54-9A1E7A4F7556}") = "CrossCutting.ProcessingPipeline", "src\CrossCutting.ProcessingPipeline\CrossCutting.ProcessingPipeline.csproj", "{CAC749E5-3235-4331-9808-9061022EDE18}"
EndProject
Project("{9A19103F-16F7-4668-BE54-9A1E7A4F7556}") = "CrossCutting.ProcessingPipeline.Tests", "src\CrossCutting.ProcessingPipeline.Tests\CrossCutting.ProcessingPipeline.Tests.csproj", "{E4126E36-573F-4964-9D69-D50AC6B8DF84}"
EndProject
Project("{FAE04EC0-301F-11D3-BF4B-00C04F79EFBC}") = "CrossCutting.Utilities.ExpressionEvaluator", "src\CrossCutting.Utilities.ExpressionEvaluator\CrossCutting.Utilities.ExpressionEvaluator.csproj", "{89921288-C669-4234-BAD1-9D436DC902E9}"
EndProject
Project("{FAE04EC0-301F-11D3-BF4B-00C04F79EFBC}") = "CrossCutting.Utilities.ExpressionEvaluator.Tests", "src\CrossCutting.Utilities.ExpressionEvaluator.Tests\CrossCutting.Utilities.ExpressionEvaluator.Tests.csproj", "{A63C82B2-EDDC-47D1-867D-01059615E83B}"
EndProject
Project("{FAE04EC0-301F-11D3-BF4B-00C04F79EFBC}") = "CrossCutting.Utilities.ExpressionEvaluator.CodeGeneration", "src\CrossCutting.Utilities.ExpressionEvaluator.CodeGeneration\CrossCutting.Utilities.ExpressionEvaluator.CodeGeneration.csproj", "{171187B3-E594-4F83-8B03-D20A9B5721C0}"
EndProject
Project("{FAE04EC0-301F-11D3-BF4B-00C04F79EFBC}") = "CrossCutting.Utilities.Aggregators.Tests", "src\CrossCutting.Utilities.Aggregators.Tests\CrossCutting.Utilities.Aggregators.Tests.csproj", "{CFA45499-5AA7-4A84-889C-CEB93E85B863}"
EndProject
Global
	GlobalSection(SolutionConfigurationPlatforms) = preSolution
		Debug|Any CPU = Debug|Any CPU
		Release|Any CPU = Release|Any CPU
	EndGlobalSection
	GlobalSection(ProjectConfigurationPlatforms) = postSolution
		{D238A3C1-F262-485A-8A6D-8DB9D91D501F}.Debug|Any CPU.ActiveCfg = Debug|Any CPU
		{D238A3C1-F262-485A-8A6D-8DB9D91D501F}.Debug|Any CPU.Build.0 = Debug|Any CPU
		{D238A3C1-F262-485A-8A6D-8DB9D91D501F}.Release|Any CPU.ActiveCfg = Release|Any CPU
		{D238A3C1-F262-485A-8A6D-8DB9D91D501F}.Release|Any CPU.Build.0 = Release|Any CPU
		{3374F20D-4033-43E5-A70B-1885C6656C8B}.Debug|Any CPU.ActiveCfg = Debug|Any CPU
		{3374F20D-4033-43E5-A70B-1885C6656C8B}.Debug|Any CPU.Build.0 = Debug|Any CPU
		{3374F20D-4033-43E5-A70B-1885C6656C8B}.Release|Any CPU.ActiveCfg = Release|Any CPU
		{3374F20D-4033-43E5-A70B-1885C6656C8B}.Release|Any CPU.Build.0 = Release|Any CPU
		{4CDF1C21-4DBC-450D-9479-CFE27E44A0F4}.Debug|Any CPU.ActiveCfg = Debug|Any CPU
		{4CDF1C21-4DBC-450D-9479-CFE27E44A0F4}.Debug|Any CPU.Build.0 = Debug|Any CPU
		{4CDF1C21-4DBC-450D-9479-CFE27E44A0F4}.Release|Any CPU.ActiveCfg = Release|Any CPU
		{4CDF1C21-4DBC-450D-9479-CFE27E44A0F4}.Release|Any CPU.Build.0 = Release|Any CPU
		{86F54C42-E4E5-4CFC-964E-7852A77983AB}.Debug|Any CPU.ActiveCfg = Debug|Any CPU
		{86F54C42-E4E5-4CFC-964E-7852A77983AB}.Debug|Any CPU.Build.0 = Debug|Any CPU
		{86F54C42-E4E5-4CFC-964E-7852A77983AB}.Release|Any CPU.ActiveCfg = Release|Any CPU
		{86F54C42-E4E5-4CFC-964E-7852A77983AB}.Release|Any CPU.Build.0 = Release|Any CPU
		{A2695F1C-7ED9-42AD-B95E-60797BF71DF3}.Debug|Any CPU.ActiveCfg = Debug|Any CPU
		{A2695F1C-7ED9-42AD-B95E-60797BF71DF3}.Debug|Any CPU.Build.0 = Debug|Any CPU
		{A2695F1C-7ED9-42AD-B95E-60797BF71DF3}.Release|Any CPU.ActiveCfg = Release|Any CPU
		{A2695F1C-7ED9-42AD-B95E-60797BF71DF3}.Release|Any CPU.Build.0 = Release|Any CPU
		{FD75CF75-DB0E-4FED-8C55-DC1957C5E4BA}.Debug|Any CPU.ActiveCfg = Debug|Any CPU
		{FD75CF75-DB0E-4FED-8C55-DC1957C5E4BA}.Debug|Any CPU.Build.0 = Debug|Any CPU
		{FD75CF75-DB0E-4FED-8C55-DC1957C5E4BA}.Release|Any CPU.ActiveCfg = Release|Any CPU
		{FD75CF75-DB0E-4FED-8C55-DC1957C5E4BA}.Release|Any CPU.Build.0 = Release|Any CPU
		{AF036C40-3147-4EA2-99DE-586DF27405F0}.Debug|Any CPU.ActiveCfg = Debug|Any CPU
		{AF036C40-3147-4EA2-99DE-586DF27405F0}.Debug|Any CPU.Build.0 = Debug|Any CPU
		{AF036C40-3147-4EA2-99DE-586DF27405F0}.Release|Any CPU.ActiveCfg = Release|Any CPU
		{AF036C40-3147-4EA2-99DE-586DF27405F0}.Release|Any CPU.Build.0 = Release|Any CPU
		{5FC84CFA-2A6D-49E8-BDC6-4BBADDBDE132}.Debug|Any CPU.ActiveCfg = Debug|Any CPU
		{5FC84CFA-2A6D-49E8-BDC6-4BBADDBDE132}.Debug|Any CPU.Build.0 = Debug|Any CPU
		{5FC84CFA-2A6D-49E8-BDC6-4BBADDBDE132}.Release|Any CPU.ActiveCfg = Release|Any CPU
		{5FC84CFA-2A6D-49E8-BDC6-4BBADDBDE132}.Release|Any CPU.Build.0 = Release|Any CPU
		{C00E8783-FAF7-4730-9DF4-EDFA3C570335}.Debug|Any CPU.ActiveCfg = Debug|Any CPU
		{C00E8783-FAF7-4730-9DF4-EDFA3C570335}.Debug|Any CPU.Build.0 = Debug|Any CPU
		{C00E8783-FAF7-4730-9DF4-EDFA3C570335}.Release|Any CPU.ActiveCfg = Release|Any CPU
		{C00E8783-FAF7-4730-9DF4-EDFA3C570335}.Release|Any CPU.Build.0 = Release|Any CPU
		{5012D949-81C7-478A-906D-38EEB9053CC6}.Debug|Any CPU.ActiveCfg = Debug|Any CPU
		{5012D949-81C7-478A-906D-38EEB9053CC6}.Debug|Any CPU.Build.0 = Debug|Any CPU
		{5012D949-81C7-478A-906D-38EEB9053CC6}.Release|Any CPU.ActiveCfg = Release|Any CPU
		{5012D949-81C7-478A-906D-38EEB9053CC6}.Release|Any CPU.Build.0 = Release|Any CPU
		{6BD5B461-0105-4B58-A352-A27E7C6742E1}.Debug|Any CPU.ActiveCfg = Debug|Any CPU
		{6BD5B461-0105-4B58-A352-A27E7C6742E1}.Debug|Any CPU.Build.0 = Debug|Any CPU
		{6BD5B461-0105-4B58-A352-A27E7C6742E1}.Release|Any CPU.ActiveCfg = Release|Any CPU
		{6BD5B461-0105-4B58-A352-A27E7C6742E1}.Release|Any CPU.Build.0 = Release|Any CPU
		{E7731E52-D20E-48B5-BB28-6265522156F6}.Debug|Any CPU.ActiveCfg = Debug|Any CPU
		{E7731E52-D20E-48B5-BB28-6265522156F6}.Debug|Any CPU.Build.0 = Debug|Any CPU
		{E7731E52-D20E-48B5-BB28-6265522156F6}.Release|Any CPU.ActiveCfg = Release|Any CPU
		{E7731E52-D20E-48B5-BB28-6265522156F6}.Release|Any CPU.Build.0 = Release|Any CPU
		{3D067E61-07A4-452A-8120-58586729FCCC}.Debug|Any CPU.ActiveCfg = Debug|Any CPU
		{3D067E61-07A4-452A-8120-58586729FCCC}.Debug|Any CPU.Build.0 = Debug|Any CPU
		{3D067E61-07A4-452A-8120-58586729FCCC}.Release|Any CPU.ActiveCfg = Release|Any CPU
		{3D067E61-07A4-452A-8120-58586729FCCC}.Release|Any CPU.Build.0 = Release|Any CPU
		{093EE79C-9C07-4665-BD9F-CBB1A2BF1D4D}.Debug|Any CPU.ActiveCfg = Debug|Any CPU
		{093EE79C-9C07-4665-BD9F-CBB1A2BF1D4D}.Debug|Any CPU.Build.0 = Debug|Any CPU
		{093EE79C-9C07-4665-BD9F-CBB1A2BF1D4D}.Release|Any CPU.ActiveCfg = Release|Any CPU
		{093EE79C-9C07-4665-BD9F-CBB1A2BF1D4D}.Release|Any CPU.Build.0 = Release|Any CPU
		{FD6883C6-FC02-4F3C-9DF0-E86615ABC2E5}.Debug|Any CPU.ActiveCfg = Debug|Any CPU
		{FD6883C6-FC02-4F3C-9DF0-E86615ABC2E5}.Debug|Any CPU.Build.0 = Debug|Any CPU
		{FD6883C6-FC02-4F3C-9DF0-E86615ABC2E5}.Release|Any CPU.ActiveCfg = Release|Any CPU
		{FD6883C6-FC02-4F3C-9DF0-E86615ABC2E5}.Release|Any CPU.Build.0 = Release|Any CPU
		{66A7515D-0047-4891-9827-B0C2BBCCE980}.Debug|Any CPU.ActiveCfg = Debug|Any CPU
		{66A7515D-0047-4891-9827-B0C2BBCCE980}.Debug|Any CPU.Build.0 = Debug|Any CPU
		{66A7515D-0047-4891-9827-B0C2BBCCE980}.Release|Any CPU.ActiveCfg = Release|Any CPU
		{66A7515D-0047-4891-9827-B0C2BBCCE980}.Release|Any CPU.Build.0 = Release|Any CPU
		{650AE7F5-9330-440B-ADC3-9DF76333402B}.Debug|Any CPU.ActiveCfg = Debug|Any CPU
		{650AE7F5-9330-440B-ADC3-9DF76333402B}.Debug|Any CPU.Build.0 = Debug|Any CPU
		{650AE7F5-9330-440B-ADC3-9DF76333402B}.Release|Any CPU.ActiveCfg = Release|Any CPU
		{650AE7F5-9330-440B-ADC3-9DF76333402B}.Release|Any CPU.Build.0 = Release|Any CPU
		{0E97FF01-6472-4853-A200-1D76DE6A5BE5}.Debug|Any CPU.ActiveCfg = Debug|Any CPU
		{0E97FF01-6472-4853-A200-1D76DE6A5BE5}.Debug|Any CPU.Build.0 = Debug|Any CPU
		{0E97FF01-6472-4853-A200-1D76DE6A5BE5}.Release|Any CPU.ActiveCfg = Release|Any CPU
		{0E97FF01-6472-4853-A200-1D76DE6A5BE5}.Release|Any CPU.Build.0 = Release|Any CPU
		{CEDC360E-4DF9-49F1-B100-701ED854F192}.Debug|Any CPU.ActiveCfg = Debug|Any CPU
		{CEDC360E-4DF9-49F1-B100-701ED854F192}.Debug|Any CPU.Build.0 = Debug|Any CPU
		{CEDC360E-4DF9-49F1-B100-701ED854F192}.Release|Any CPU.ActiveCfg = Release|Any CPU
		{CEDC360E-4DF9-49F1-B100-701ED854F192}.Release|Any CPU.Build.0 = Release|Any CPU
		{74D196D2-8DB3-456B-8F04-55CFF28E9AC7}.Debug|Any CPU.ActiveCfg = Debug|Any CPU
		{74D196D2-8DB3-456B-8F04-55CFF28E9AC7}.Debug|Any CPU.Build.0 = Debug|Any CPU
		{74D196D2-8DB3-456B-8F04-55CFF28E9AC7}.Release|Any CPU.ActiveCfg = Release|Any CPU
		{74D196D2-8DB3-456B-8F04-55CFF28E9AC7}.Release|Any CPU.Build.0 = Release|Any CPU
		{CAC749E5-3235-4331-9808-9061022EDE18}.Debug|Any CPU.ActiveCfg = Debug|Any CPU
		{CAC749E5-3235-4331-9808-9061022EDE18}.Debug|Any CPU.Build.0 = Debug|Any CPU
		{CAC749E5-3235-4331-9808-9061022EDE18}.Release|Any CPU.ActiveCfg = Release|Any CPU
		{CAC749E5-3235-4331-9808-9061022EDE18}.Release|Any CPU.Build.0 = Release|Any CPU
		{E4126E36-573F-4964-9D69-D50AC6B8DF84}.Debug|Any CPU.ActiveCfg = Debug|Any CPU
		{E4126E36-573F-4964-9D69-D50AC6B8DF84}.Debug|Any CPU.Build.0 = Debug|Any CPU
		{E4126E36-573F-4964-9D69-D50AC6B8DF84}.Release|Any CPU.ActiveCfg = Release|Any CPU
		{E4126E36-573F-4964-9D69-D50AC6B8DF84}.Release|Any CPU.Build.0 = Release|Any CPU
		{89921288-C669-4234-BAD1-9D436DC902E9}.Debug|Any CPU.ActiveCfg = Debug|Any CPU
		{89921288-C669-4234-BAD1-9D436DC902E9}.Debug|Any CPU.Build.0 = Debug|Any CPU
		{89921288-C669-4234-BAD1-9D436DC902E9}.Release|Any CPU.ActiveCfg = Release|Any CPU
		{89921288-C669-4234-BAD1-9D436DC902E9}.Release|Any CPU.Build.0 = Release|Any CPU
		{A63C82B2-EDDC-47D1-867D-01059615E83B}.Debug|Any CPU.ActiveCfg = Debug|Any CPU
		{A63C82B2-EDDC-47D1-867D-01059615E83B}.Debug|Any CPU.Build.0 = Debug|Any CPU
		{A63C82B2-EDDC-47D1-867D-01059615E83B}.Release|Any CPU.ActiveCfg = Release|Any CPU
		{A63C82B2-EDDC-47D1-867D-01059615E83B}.Release|Any CPU.Build.0 = Release|Any CPU
		{171187B3-E594-4F83-8B03-D20A9B5721C0}.Debug|Any CPU.ActiveCfg = Debug|Any CPU
		{171187B3-E594-4F83-8B03-D20A9B5721C0}.Debug|Any CPU.Build.0 = Debug|Any CPU
		{171187B3-E594-4F83-8B03-D20A9B5721C0}.Release|Any CPU.ActiveCfg = Release|Any CPU
		{171187B3-E594-4F83-8B03-D20A9B5721C0}.Release|Any CPU.Build.0 = Release|Any CPU
		{CFA45499-5AA7-4A84-889C-CEB93E85B863}.Debug|Any CPU.ActiveCfg = Debug|Any CPU
		{CFA45499-5AA7-4A84-889C-CEB93E85B863}.Debug|Any CPU.Build.0 = Debug|Any CPU
		{CFA45499-5AA7-4A84-889C-CEB93E85B863}.Release|Any CPU.ActiveCfg = Release|Any CPU
		{CFA45499-5AA7-4A84-889C-CEB93E85B863}.Release|Any CPU.Build.0 = Release|Any CPU
	EndGlobalSection
	GlobalSection(SolutionProperties) = preSolution
		HideSolutionNode = FALSE
	EndGlobalSection
	GlobalSection(ExtensibilityGlobals) = postSolution
		SolutionGuid = {0C43AD0A-2088-41B8-BC3B-E41670EF0014}
	EndGlobalSection
EndGlobal
