
Microsoft Visual Studio Solution File, Format Version 12.00
# Visual Studio Version 16
VisualStudioVersion = 16.0.31112.23
MinimumVisualStudioVersion = 10.0.40219.1
Project("{9A19103F-16F7-4668-BE54-9A1E7A4F7556}") = "CrossCutting.Common", "src\CrossCutting.Common\CrossCutting.Common.csproj", "{D238A3C1-F262-485A-8A6D-8DB9D91D501F}"
EndProject
Project("{9A19103F-16F7-4668-BE54-9A1E7A4F7556}") = "CrossCutting.Common.Testing", "src\CrossCutting.Common.Testing\CrossCutting.Common.Testing.csproj", "{3374F20D-4033-43E5-A70B-1885C6656C8B}"
EndProject
Project("{9A19103F-16F7-4668-BE54-9A1E7A4F7556}") = "System.Data.Stub", "src\System.Data.Stub\System.Data.Stub.csproj", "{4CDF1C21-4DBC-450D-9479-CFE27E44A0F4}"
EndProject
Project("{9A19103F-16F7-4668-BE54-9A1E7A4F7556}") = "CrossCutting.Utilities.ObjectDumper", "src\CrossCutting.Utilities.ObjectDumper\CrossCutting.Utilities.ObjectDumper.csproj", "{86F54C42-E4E5-4CFC-964E-7852A77983AB}"
EndProject
Project("{9A19103F-16F7-4668-BE54-9A1E7A4F7556}") = "CrossCutting.Utilities.ObjectDumper.Tests", "src\CrossCutting.Utilities.ObjectDumper.Tests\CrossCutting.Utilities.ObjectDumper.Tests.csproj", "{A2695F1C-7ED9-42AD-B95E-60797BF71DF3}"
EndProject
Project("{9A19103F-16F7-4668-BE54-9A1E7A4F7556}") = "CrossCutting.Utilities.Parsers", "src\CrossCutting.Utilities.Parsers\CrossCutting.Utilities.Parsers.csproj", "{FD75CF75-DB0E-4FED-8C55-DC1957C5E4BA}"
EndProject
Project("{9A19103F-16F7-4668-BE54-9A1E7A4F7556}") = "CrossCutting.Utilities.Parsers.Tests", "src\CrossCutting.Utilities.Parsers.Tests\CrossCutting.Utilities.Parsers.Tests.csproj", "{AF036C40-3147-4EA2-99DE-586DF27405F0}"
EndProject
Project("{9A19103F-16F7-4668-BE54-9A1E7A4F7556}") = "CrossCutting.Utilities.XmlDocumentTransformation", "src\CrossCutting.Utilities.XmlDocumentTransformation\CrossCutting.Utilities.XmlDocumentTransformation.csproj", "{1F97EF0F-8B6E-4D93-8B83-6622570B022D}"
EndProject
Project("{9A19103F-16F7-4668-BE54-9A1E7A4F7556}") = "CrossCutting.Utilities.XmlDocumentTransformation.Tests", "src\CrossCutting.Utilities.XmlDocumentTransformation.Tests\CrossCutting.Utilities.XmlDocumentTransformation.Tests.csproj", "{16C90C13-010A-46F8-B3AB-84AA62BE4C0E}"
EndProject
Global
	GlobalSection(SolutionConfigurationPlatforms) = preSolution
		Debug|Any CPU = Debug|Any CPU
		Release|Any CPU = Release|Any CPU
	EndGlobalSection
	GlobalSection(ProjectConfigurationPlatforms) = postSolution
		{D238A3C1-F262-485A-8A6D-8DB9D91D501F}.Debug|Any CPU.ActiveCfg = Debug|Any CPU
		{D238A3C1-F262-485A-8A6D-8DB9D91D501F}.Debug|Any CPU.Build.0 = Debug|Any CPU
		{D238A3C1-F262-485A-8A6D-8DB9D91D501F}.Release|Any CPU.ActiveCfg = Release|Any CPU
		{D238A3C1-F262-485A-8A6D-8DB9D91D501F}.Release|Any CPU.Build.0 = Release|Any CPU
		{3374F20D-4033-43E5-A70B-1885C6656C8B}.Debug|Any CPU.ActiveCfg = Debug|Any CPU
		{3374F20D-4033-43E5-A70B-1885C6656C8B}.Debug|Any CPU.Build.0 = Debug|Any CPU
		{3374F20D-4033-43E5-A70B-1885C6656C8B}.Release|Any CPU.ActiveCfg = Release|Any CPU
		{3374F20D-4033-43E5-A70B-1885C6656C8B}.Release|Any CPU.Build.0 = Release|Any CPU
		{4CDF1C21-4DBC-450D-9479-CFE27E44A0F4}.Debug|Any CPU.ActiveCfg = Debug|Any CPU
		{4CDF1C21-4DBC-450D-9479-CFE27E44A0F4}.Debug|Any CPU.Build.0 = Debug|Any CPU
		{4CDF1C21-4DBC-450D-9479-CFE27E44A0F4}.Release|Any CPU.ActiveCfg = Release|Any CPU
		{4CDF1C21-4DBC-450D-9479-CFE27E44A0F4}.Release|Any CPU.Build.0 = Release|Any CPU
		{86F54C42-E4E5-4CFC-964E-7852A77983AB}.Debug|Any CPU.ActiveCfg = Debug|Any CPU
		{86F54C42-E4E5-4CFC-964E-7852A77983AB}.Debug|Any CPU.Build.0 = Debug|Any CPU
		{86F54C42-E4E5-4CFC-964E-7852A77983AB}.Release|Any CPU.ActiveCfg = Release|Any CPU
		{86F54C42-E4E5-4CFC-964E-7852A77983AB}.Release|Any CPU.Build.0 = Release|Any CPU
		{A2695F1C-7ED9-42AD-B95E-60797BF71DF3}.Debug|Any CPU.ActiveCfg = Debug|Any CPU
		{A2695F1C-7ED9-42AD-B95E-60797BF71DF3}.Debug|Any CPU.Build.0 = Debug|Any CPU
		{A2695F1C-7ED9-42AD-B95E-60797BF71DF3}.Release|Any CPU.ActiveCfg = Release|Any CPU
		{A2695F1C-7ED9-42AD-B95E-60797BF71DF3}.Release|Any CPU.Build.0 = Release|Any CPU
		{FD75CF75-DB0E-4FED-8C55-DC1957C5E4BA}.Debug|Any CPU.ActiveCfg = Debug|Any CPU
		{FD75CF75-DB0E-4FED-8C55-DC1957C5E4BA}.Debug|Any CPU.Build.0 = Debug|Any CPU
		{FD75CF75-DB0E-4FED-8C55-DC1957C5E4BA}.Release|Any CPU.ActiveCfg = Release|Any CPU
		{FD75CF75-DB0E-4FED-8C55-DC1957C5E4BA}.Release|Any CPU.Build.0 = Release|Any CPU
		{AF036C40-3147-4EA2-99DE-586DF27405F0}.Debug|Any CPU.ActiveCfg = Debug|Any CPU
		{AF036C40-3147-4EA2-99DE-586DF27405F0}.Debug|Any CPU.Build.0 = Debug|Any CPU
		{AF036C40-3147-4EA2-99DE-586DF27405F0}.Release|Any CPU.ActiveCfg = Release|Any CPU
		{AF036C40-3147-4EA2-99DE-586DF27405F0}.Release|Any CPU.Build.0 = Release|Any CPU
		{1F97EF0F-8B6E-4D93-8B83-6622570B022D}.Debug|Any CPU.ActiveCfg = Debug|Any CPU
		{1F97EF0F-8B6E-4D93-8B83-6622570B022D}.Debug|Any CPU.Build.0 = Debug|Any CPU
		{1F97EF0F-8B6E-4D93-8B83-6622570B022D}.Release|Any CPU.ActiveCfg = Release|Any CPU
		{1F97EF0F-8B6E-4D93-8B83-6622570B022D}.Release|Any CPU.Build.0 = Release|Any CPU
		{16C90C13-010A-46F8-B3AB-84AA62BE4C0E}.Debug|Any CPU.ActiveCfg = Debug|Any CPU
		{16C90C13-010A-46F8-B3AB-84AA62BE4C0E}.Debug|Any CPU.Build.0 = Debug|Any CPU
		{16C90C13-010A-46F8-B3AB-84AA62BE4C0E}.Release|Any CPU.ActiveCfg = Release|Any CPU
		{16C90C13-010A-46F8-B3AB-84AA62BE4C0E}.Release|Any CPU.Build.0 = Release|Any CPU
	EndGlobalSection
	GlobalSection(SolutionProperties) = preSolution
		HideSolutionNode = FALSE
	EndGlobalSection
	GlobalSection(ExtensibilityGlobals) = postSolution
		SolutionGuid = {0C43AD0A-2088-41B8-BC3B-E41670EF0014}
	EndGlobalSection
EndGlobal
